<?xml version="1.0" encoding="utf-8"?>
<Project ToolsVersion="4.0" xmlns="http://schemas.microsoft.com/developer/msbuild/2003">
  <ItemGroup>
    <Filter Include="src">
      <UniqueIdentifier>{c3b0dfde-6c2e-4d1d-98bc-1ca619b384af}</UniqueIdentifier>
    </Filter>
    <Filter Include="src\network">
      <UniqueIdentifier>{05a21c50-6419-4979-a148-96c0ba8bfffe}</UniqueIdentifier>
    </Filter>
    <Filter Include="src\game">
      <UniqueIdentifier>{d0e2c177-024d-46e4-b75d-cd8136156db9}</UniqueIdentifier>
    </Filter>
  </ItemGroup>
  <ItemGroup>
    <ClCompile Include="src\main.cpp">
      <Filter>src</Filter>
    </ClCompile>
    <ClCompile Include="src\game\Snake.cpp">
      <Filter>src\game</Filter>
    </ClCompile>
    <ClCompile Include="src\network\Server.cpp">
      <Filter>src\network</Filter>
    </ClCompile>
    <ClCompile Include="src\network\Network.cpp">
      <Filter>src\network</Filter>
    </ClCompile>
    <ClCompile Include="src\network\Client.cpp">
      <Filter>src\network</Filter>
    </ClCompile>
    <ClCompile Include="src\game\Game.cpp">
      <Filter>src\game</Filter>
    </ClCompile>
    <ClCompile Include="src\game\GameState.cpp">
      <Filter>src\game</Filter>
    </ClCompile>
  </ItemGroup>
  <ItemGroup>
    <ClInclude Include="src\game\Snake.h">
      <Filter>src\game</Filter>
    </ClInclude>
    <ClInclude Include="src\network\Server.h">
      <Filter>src\network</Filter>
    </ClInclude>
    <ClInclude Include="src\game\Direction.h">
      <Filter>src\game</Filter>
    </ClInclude>
    <ClInclude Include="src\network\Network.h">
      <Filter>src\network</Filter>
    </ClInclude>
    <ClInclude Include="src\network\Client.h">
      <Filter>src\network</Filter>
    </ClInclude>
    <ClInclude Include="src\game\Game.h">
      <Filter>src\game</Filter>
    </ClInclude>
    <ClInclude Include="src\game\GameState.h">
      <Filter>src\game</Filter>
    </ClInclude>
  </ItemGroup>
</Project>